
Microsoft Visual Studio Solution File, Format Version 12.00
# Visual Studio Version 17
VisualStudioVersion = 17.10.35004.147
MinimumVisualStudioVersion = 10.0.40219.1
Project("{9A19103F-16F7-4668-BE54-9A1E7A4F7556}") = "200566839", "200566839\200566839.csproj", "{DA717BEC-8E14-40AA-BF17-CE7D6669C2A7}"
EndProject
Global
	GlobalSection(SolutionConfigurationPlatforms) = preSolution
		Debug|Any CPU = Debug|Any CPU
		Release|Any CPU = Release|Any CPU
	EndGlobalSection
	GlobalSection(ProjectConfigurationPlatforms) = postSolution
		{DA717BEC-8E14-40AA-BF17-CE7D6669C2A7}.Debug|Any CPU.ActiveCfg = Debug|Any CPU
		{DA717BEC-8E14-40AA-BF17-CE7D6669C2A7}.Debug|Any CPU.Build.0 = Debug|Any CPU
		{DA717BEC-8E14-40AA-BF17-CE7D6669C2A7}.Release|Any CPU.ActiveCfg = Release|Any CPU
		{DA717BEC-8E14-40AA-BF17-CE7D6669C2A7}.Release|Any CPU.Build.0 = Release|Any CPU
	EndGlobalSection
	GlobalSection(SolutionProperties) = preSolution
		HideSolutionNode = FALSE
	EndGlobalSection
	GlobalSection(ExtensibilityGlobals) = postSolution
		SolutionGuid = {5F9B221F-6E27-491C-8E3E-F7948F47826D}
	EndGlobalSection
EndGlobal
